// !$*UTF8*$!
{
	archiveVersion = 1;
	classes = {
	};
	objectVersion = 46;
	objects = {

/* Begin PBXBuildFile section */
		5A0BCE5215CF970A0029B3DC /* UIKit.framework in Frameworks */ = {isa = PBXBuildFile; fileRef = 5A0BCE5115CF970A0029B3DC /* UIKit.framework */; };
		5A0BCE5415CF970A0029B3DC /* Foundation.framework in Frameworks */ = {isa = PBXBuildFile; fileRef = 5A0BCE5315CF970A0029B3DC /* Foundation.framework */; };
		5A0BCE5615CF970A0029B3DC /* CoreGraphics.framework in Frameworks */ = {isa = PBXBuildFile; fileRef = 5A0BCE5515CF970A0029B3DC /* CoreGraphics.framework */; };
		5A0BCE5C15CF970A0029B3DC /* InfoPlist.strings in Resources */ = {isa = PBXBuildFile; fileRef = 5A0BCE5A15CF970A0029B3DC /* InfoPlist.strings */; };
		5A0BCE5E15CF970A0029B3DC /* main.m in Sources */ = {isa = PBXBuildFile; fileRef = 5A0BCE5D15CF970A0029B3DC /* main.m */; };
		5A0BCE6215CF970A0029B3DC /* AppDelegate.m in Sources */ = {isa = PBXBuildFile; fileRef = 5A0BCE6115CF970A0029B3DC /* AppDelegate.m */; };
		5A0BCE7315CF97650029B3DC /* NSData+Base64.m in Sources */ = {isa = PBXBuildFile; fileRef = 5A0BCE7015CF97650029B3DC /* NSData+Base64.m */; };
		5A0BCE7415CF97650029B3DC /* NSString+Base64.m in Sources */ = {isa = PBXBuildFile; fileRef = 5A0BCE7215CF97650029B3DC /* NSString+Base64.m */; };
		5A0BCE7B15CF97B40029B3DC /* Authentication.plist in Resources */ = {isa = PBXBuildFile; fileRef = 5A0BCE7A15CF97B40029B3DC /* Authentication.plist */; };
		5A24ED0815D245950062F7FF /* RoutinesTableViewController.m in Sources */ = {isa = PBXBuildFile; fileRef = 5A24ED0715D245950062F7FF /* RoutinesTableViewController.m */; };
		5A5BDAC115CFE537004590A4 /* SignInViewController.m in Sources */ = {isa = PBXBuildFile; fileRef = 5A5BDABF15CFE537004590A4 /* SignInViewController.m */; };
		5A5BDAC215CFE537004590A4 /* SignInViewController.xib in Resources */ = {isa = PBXBuildFile; fileRef = 5A5BDAC015CFE537004590A4 /* SignInViewController.xib */; };
		5A5BDADA15D0C5D4004590A4 /* TapkuLibrary.bundle in Resources */ = {isa = PBXBuildFile; fileRef = 5A5BDAD315D0C5D4004590A4 /* TapkuLibrary.bundle */; };
		5A5BDAE315D0C666004590A4 /* WorkoutsController.m in Sources */ = {isa = PBXBuildFile; fileRef = 5A5BDAE215D0C666004590A4 /* WorkoutsController.m */; };
		5A5BDAE615D0C6F5004590A4 /* libTapkuLibrary.a in Frameworks */ = {isa = PBXBuildFile; fileRef = 5A5BDADE15D0C5D5004590A4 /* libTapkuLibrary.a */; };
		5A5BDAE915D0C70A004590A4 /* MapKit.framework in Frameworks */ = {isa = PBXBuildFile; fileRef = 5A5BDAE715D0C70A004590A4 /* MapKit.framework */; };
		5A5BDAEA15D0C70A004590A4 /* QuartzCore.framework in Frameworks */ = {isa = PBXBuildFile; fileRef = 5A5BDAE815D0C70A004590A4 /* QuartzCore.framework */; };
/* End PBXBuildFile section */

/* Begin PBXContainerItemProxy section */
		5A5BDADD15D0C5D5004590A4 /* PBXContainerItemProxy */ = {
			isa = PBXContainerItemProxy;
			containerPortal = 5A5BDAD415D0C5D4004590A4 /* TapkuLibrary.xcodeproj */;
			proxyType = 2;
			remoteGlobalIDString = D2AAC07E0554694100DB518D;
			remoteInfo = TapkuLibrary;
		};
		5A5BDADF15D0C5D5004590A4 /* PBXContainerItemProxy */ = {
			isa = PBXContainerItemProxy;
			containerPortal = 5A5BDAD415D0C5D4004590A4 /* TapkuLibrary.xcodeproj */;
			proxyType = 2;
			remoteGlobalIDString = 3B45DDF1134C736600D24C1A;
			remoteInfo = LogicTests;
		};
		5A5BDAE415D0C6DE004590A4 /* PBXContainerItemProxy */ = {
			isa = PBXContainerItemProxy;
			containerPortal = 5A5BDAD415D0C5D4004590A4 /* TapkuLibrary.xcodeproj */;
			proxyType = 1;
			remoteGlobalIDString = D2AAC07D0554694100DB518D;
			remoteInfo = TapkuLibrary;
		};
/* End PBXContainerItemProxy section */

/* Begin PBXFileReference section */
		5A0BCE4D15CF970A0029B3DC /* MyFitLog.app */ = {isa = PBXFileReference; explicitFileType = wrapper.application; includeInIndex = 0; path = MyFitLog.app; sourceTree = BUILT_PRODUCTS_DIR; };
		5A0BCE5115CF970A0029B3DC /* UIKit.framework */ = {isa = PBXFileReference; lastKnownFileType = wrapper.framework; name = UIKit.framework; path = System/Library/Frameworks/UIKit.framework; sourceTree = SDKROOT; };
		5A0BCE5315CF970A0029B3DC /* Foundation.framework */ = {isa = PBXFileReference; lastKnownFileType = wrapper.framework; name = Foundation.framework; path = System/Library/Frameworks/Foundation.framework; sourceTree = SDKROOT; };
		5A0BCE5515CF970A0029B3DC /* CoreGraphics.framework */ = {isa = PBXFileReference; lastKnownFileType = wrapper.framework; name = CoreGraphics.framework; path = System/Library/Frameworks/CoreGraphics.framework; sourceTree = SDKROOT; };
		5A0BCE5915CF970A0029B3DC /* MyFitLog-Info.plist */ = {isa = PBXFileReference; lastKnownFileType = text.plist.xml; path = "MyFitLog-Info.plist"; sourceTree = "<group>"; };
		5A0BCE5B15CF970A0029B3DC /* en */ = {isa = PBXFileReference; lastKnownFileType = text.plist.strings; name = en; path = en.lproj/InfoPlist.strings; sourceTree = "<group>"; };
		5A0BCE5D15CF970A0029B3DC /* main.m */ = {isa = PBXFileReference; lastKnownFileType = sourcecode.c.objc; path = main.m; sourceTree = "<group>"; };
		5A0BCE5F15CF970A0029B3DC /* MyFitLog-Prefix.pch */ = {isa = PBXFileReference; lastKnownFileType = sourcecode.c.h; path = "MyFitLog-Prefix.pch"; sourceTree = "<group>"; };
		5A0BCE6015CF970A0029B3DC /* AppDelegate.h */ = {isa = PBXFileReference; lastKnownFileType = sourcecode.c.h; path = AppDelegate.h; sourceTree = "<group>"; };
		5A0BCE6115CF970A0029B3DC /* AppDelegate.m */ = {isa = PBXFileReference; lastKnownFileType = sourcecode.c.objc; path = AppDelegate.m; sourceTree = "<group>"; };
		5A0BCE6F15CF97650029B3DC /* NSData+Base64.h */ = {isa = PBXFileReference; fileEncoding = 4; lastKnownFileType = sourcecode.c.h; path = "NSData+Base64.h"; sourceTree = "<group>"; };
		5A0BCE7015CF97650029B3DC /* NSData+Base64.m */ = {isa = PBXFileReference; fileEncoding = 4; lastKnownFileType = sourcecode.c.objc; path = "NSData+Base64.m"; sourceTree = "<group>"; };
		5A0BCE7115CF97650029B3DC /* NSString+Base64.h */ = {isa = PBXFileReference; fileEncoding = 4; lastKnownFileType = sourcecode.c.h; path = "NSString+Base64.h"; sourceTree = "<group>"; };
		5A0BCE7215CF97650029B3DC /* NSString+Base64.m */ = {isa = PBXFileReference; fileEncoding = 4; lastKnownFileType = sourcecode.c.objc; path = "NSString+Base64.m"; sourceTree = "<group>"; };
		5A0BCE7A15CF97B40029B3DC /* Authentication.plist */ = {isa = PBXFileReference; fileEncoding = 4; lastKnownFileType = text.plist.xml; path = Authentication.plist; sourceTree = "<group>"; };
		5A24ED0615D245950062F7FF /* RoutinesTableViewController.h */ = {isa = PBXFileReference; fileEncoding = 4; lastKnownFileType = sourcecode.c.h; path = RoutinesTableViewController.h; sourceTree = "<group>"; };
		5A24ED0715D245950062F7FF /* RoutinesTableViewController.m */ = {isa = PBXFileReference; fileEncoding = 4; lastKnownFileType = sourcecode.c.objc; path = RoutinesTableViewController.m; sourceTree = "<group>"; };
		5A5BDABE15CFE537004590A4 /* SignInViewController.h */ = {isa = PBXFileReference; fileEncoding = 4; lastKnownFileType = sourcecode.c.h; path = SignInViewController.h; sourceTree = "<group>"; };
		5A5BDABF15CFE537004590A4 /* SignInViewController.m */ = {isa = PBXFileReference; fileEncoding = 4; lastKnownFileType = sourcecode.c.objc; path = SignInViewController.m; sourceTree = "<group>"; };
		5A5BDAC015CFE537004590A4 /* SignInViewController.xib */ = {isa = PBXFileReference; fileEncoding = 4; lastKnownFileType = file.xib; path = SignInViewController.xib; sourceTree = "<group>"; };
		5A5BDAD315D0C5D4004590A4 /* TapkuLibrary.bundle */ = {isa = PBXFileReference; lastKnownFileType = "wrapper.plug-in"; name = TapkuLibrary.bundle; path = ../tapkulibrary/src/TapkuLibrary.bundle; sourceTree = "<group>"; };
		5A5BDAD415D0C5D4004590A4 /* TapkuLibrary.xcodeproj */ = {isa = PBXFileReference; lastKnownFileType = "wrapper.pb-project"; name = TapkuLibrary.xcodeproj; path = ../tapkulibrary/src/TapkuLibrary.xcodeproj; sourceTree = "<group>"; };
		5A5BDAE115D0C666004590A4 /* WorkoutsController.h */ = {isa = PBXFileReference; fileEncoding = 4; lastKnownFileType = sourcecode.c.h; path = WorkoutsController.h; sourceTree = "<group>"; };
		5A5BDAE215D0C666004590A4 /* WorkoutsController.m */ = {isa = PBXFileReference; fileEncoding = 4; lastKnownFileType = sourcecode.c.objc; path = WorkoutsController.m; sourceTree = "<group>"; };
		5A5BDAE715D0C70A004590A4 /* MapKit.framework */ = {isa = PBXFileReference; lastKnownFileType = wrapper.framework; name = MapKit.framework; path = System/Library/Frameworks/MapKit.framework; sourceTree = SDKROOT; };
		5A5BDAE815D0C70A004590A4 /* QuartzCore.framework */ = {isa = PBXFileReference; lastKnownFileType = wrapper.framework; name = QuartzCore.framework; path = System/Library/Frameworks/QuartzCore.framework; sourceTree = SDKROOT; };
/* End PBXFileReference section */

/* Begin PBXFrameworksBuildPhase section */
		5A0BCE4A15CF970A0029B3DC /* Frameworks */ = {
			isa = PBXFrameworksBuildPhase;
			buildActionMask = 2147483647;
			files = (
				5A5BDAE915D0C70A004590A4 /* MapKit.framework in Frameworks */,
				5A5BDAEA15D0C70A004590A4 /* QuartzCore.framework in Frameworks */,
				5A5BDAE615D0C6F5004590A4 /* libTapkuLibrary.a in Frameworks */,
				5A0BCE5215CF970A0029B3DC /* UIKit.framework in Frameworks */,
				5A0BCE5415CF970A0029B3DC /* Foundation.framework in Frameworks */,
				5A0BCE5615CF970A0029B3DC /* CoreGraphics.framework in Frameworks */,
			);
			runOnlyForDeploymentPostprocessing = 0;
		};
/* End PBXFrameworksBuildPhase section */

/* Begin PBXGroup section */
		5A0BCE4215CF970A0029B3DC = {
			isa = PBXGroup;
			children = (
				5A5BDAE715D0C70A004590A4 /* MapKit.framework */,
				5A5BDAE815D0C70A004590A4 /* QuartzCore.framework */,
				5A5BDAD315D0C5D4004590A4 /* TapkuLibrary.bundle */,
				5A5BDAD415D0C5D4004590A4 /* TapkuLibrary.xcodeproj */,
				5A0BCE5715CF970A0029B3DC /* MyFitLog */,
				5A0BCE5015CF970A0029B3DC /* Frameworks */,
				5A0BCE4E15CF970A0029B3DC /* Products */,
			);
			sourceTree = "<group>";
		};
		5A0BCE4E15CF970A0029B3DC /* Products */ = {
			isa = PBXGroup;
			children = (
				5A0BCE4D15CF970A0029B3DC /* MyFitLog.app */,
			);
			name = Products;
			sourceTree = "<group>";
		};
		5A0BCE5015CF970A0029B3DC /* Frameworks */ = {
			isa = PBXGroup;
			children = (
				5A0BCE5115CF970A0029B3DC /* UIKit.framework */,
				5A0BCE5315CF970A0029B3DC /* Foundation.framework */,
				5A0BCE5515CF970A0029B3DC /* CoreGraphics.framework */,
			);
			name = Frameworks;
			sourceTree = "<group>";
		};
		5A0BCE5715CF970A0029B3DC /* MyFitLog */ = {
			isa = PBXGroup;
			children = (
				5A0BCE6015CF970A0029B3DC /* AppDelegate.h */,
				5A0BCE6115CF970A0029B3DC /* AppDelegate.m */,
				5A5BDABE15CFE537004590A4 /* SignInViewController.h */,
				5A5BDABF15CFE537004590A4 /* SignInViewController.m */,
				5A5BDAC015CFE537004590A4 /* SignInViewController.xib */,
				5A5BDAE115D0C666004590A4 /* WorkoutsController.h */,
				5A5BDAE215D0C666004590A4 /* WorkoutsController.m */,
				5A24ED0615D245950062F7FF /* RoutinesTableViewController.h */,
				5A24ED0715D245950062F7FF /* RoutinesTableViewController.m */,
				5A0BCE5815CF970A0029B3DC /* Supporting Files */,
				5A0BCE6E15CF97650029B3DC /* Base64 */,
			);
			path = MyFitLog;
			sourceTree = "<group>";
		};
		5A0BCE5815CF970A0029B3DC /* Supporting Files */ = {
			isa = PBXGroup;
			children = (
				5A0BCE7A15CF97B40029B3DC /* Authentication.plist */,
				5A0BCE5915CF970A0029B3DC /* MyFitLog-Info.plist */,
				5A0BCE5A15CF970A0029B3DC /* InfoPlist.strings */,
				5A0BCE5D15CF970A0029B3DC /* main.m */,
				5A0BCE5F15CF970A0029B3DC /* MyFitLog-Prefix.pch */,
			);
			name = "Supporting Files";
			sourceTree = "<group>";
		};
		5A0BCE6E15CF97650029B3DC /* Base64 */ = {
			isa = PBXGroup;
			children = (
				5A0BCE6F15CF97650029B3DC /* NSData+Base64.h */,
				5A0BCE7015CF97650029B3DC /* NSData+Base64.m */,
				5A0BCE7115CF97650029B3DC /* NSString+Base64.h */,
				5A0BCE7215CF97650029B3DC /* NSString+Base64.m */,
			);
			path = Base64;
			sourceTree = "<group>";
		};
		5A5BDAD515D0C5D4004590A4 /* Products */ = {
			isa = PBXGroup;
			children = (
				5A5BDADE15D0C5D5004590A4 /* libTapkuLibrary.a */,
				5A5BDAE015D0C5D5004590A4 /* LogicTests.octest */,
			);
			name = Products;
			sourceTree = "<group>";
		};
/* End PBXGroup section */

/* Begin PBXNativeTarget section */
		5A0BCE4C15CF970A0029B3DC /* MyFitLog */ = {
			isa = PBXNativeTarget;
			buildConfigurationList = 5A0BCE6B15CF970A0029B3DC /* Build configuration list for PBXNativeTarget "MyFitLog" */;
			buildPhases = (
				5A0BCE4915CF970A0029B3DC /* Sources */,
				5A0BCE4A15CF970A0029B3DC /* Frameworks */,
				5A0BCE4B15CF970A0029B3DC /* Resources */,
			);
			buildRules = (
			);
			dependencies = (
				5A5BDAE515D0C6DE004590A4 /* PBXTargetDependency */,
			);
			name = MyFitLog;
			productName = MyFitLog;
			productReference = 5A0BCE4D15CF970A0029B3DC /* MyFitLog.app */;
			productType = "com.apple.product-type.application";
		};
/* End PBXNativeTarget section */

/* Begin PBXProject section */
		5A0BCE4415CF970A0029B3DC /* Project object */ = {
			isa = PBXProject;
			attributes = {
				LastUpgradeCheck = 0440;
				ORGANIZATIONNAME = "Mike Bradford";
			};
			buildConfigurationList = 5A0BCE4715CF970A0029B3DC /* Build configuration list for PBXProject "MyFitLog" */;
			compatibilityVersion = "Xcode 3.2";
			developmentRegion = English;
			hasScannedForEncodings = 0;
			knownRegions = (
				en,
			);
			mainGroup = 5A0BCE4215CF970A0029B3DC;
			productRefGroup = 5A0BCE4E15CF970A0029B3DC /* Products */;
			projectDirPath = "";
			projectReferences = (
				{
					ProductGroup = 5A5BDAD515D0C5D4004590A4 /* Products */;
					ProjectRef = 5A5BDAD415D0C5D4004590A4 /* TapkuLibrary.xcodeproj */;
				},
			);
			projectRoot = "";
			targets = (
				5A0BCE4C15CF970A0029B3DC /* MyFitLog */,
			);
		};
/* End PBXProject section */

/* Begin PBXReferenceProxy section */
		5A5BDADE15D0C5D5004590A4 /* libTapkuLibrary.a */ = {
			isa = PBXReferenceProxy;
			fileType = archive.ar;
			path = libTapkuLibrary.a;
			remoteRef = 5A5BDADD15D0C5D5004590A4 /* PBXContainerItemProxy */;
			sourceTree = BUILT_PRODUCTS_DIR;
		};
		5A5BDAE015D0C5D5004590A4 /* LogicTests.octest */ = {
			isa = PBXReferenceProxy;
			fileType = wrapper.cfbundle;
			path = LogicTests.octest;
			remoteRef = 5A5BDADF15D0C5D5004590A4 /* PBXContainerItemProxy */;
			sourceTree = BUILT_PRODUCTS_DIR;
		};
/* End PBXReferenceProxy section */

/* Begin PBXResourcesBuildPhase section */
		5A0BCE4B15CF970A0029B3DC /* Resources */ = {
			isa = PBXResourcesBuildPhase;
			buildActionMask = 2147483647;
			files = (
				5A0BCE5C15CF970A0029B3DC /* InfoPlist.strings in Resources */,
				5A0BCE7B15CF97B40029B3DC /* Authentication.plist in Resources */,
				5A5BDAC215CFE537004590A4 /* SignInViewController.xib in Resources */,
				5A5BDADA15D0C5D4004590A4 /* TapkuLibrary.bundle in Resources */,
			);
			runOnlyForDeploymentPostprocessing = 0;
		};
/* End PBXResourcesBuildPhase section */

/* Begin PBXSourcesBuildPhase section */
		5A0BCE4915CF970A0029B3DC /* Sources */ = {
			isa = PBXSourcesBuildPhase;
			buildActionMask = 2147483647;
			files = (
				5A0BCE5E15CF970A0029B3DC /* main.m in Sources */,
				5A0BCE6215CF970A0029B3DC /* AppDelegate.m in Sources */,
				5A0BCE7315CF97650029B3DC /* NSData+Base64.m in Sources */,
				5A0BCE7415CF97650029B3DC /* NSString+Base64.m in Sources */,
				5A5BDAC115CFE537004590A4 /* SignInViewController.m in Sources */,
				5A5BDAE315D0C666004590A4 /* WorkoutsController.m in Sources */,
				5A24ED0815D245950062F7FF /* RoutinesTableViewController.m in Sources */,
			);
			runOnlyForDeploymentPostprocessing = 0;
		};
/* End PBXSourcesBuildPhase section */

/* Begin PBXTargetDependency section */
		5A5BDAE515D0C6DE004590A4 /* PBXTargetDependency */ = {
			isa = PBXTargetDependency;
			name = TapkuLibrary;
			targetProxy = 5A5BDAE415D0C6DE004590A4 /* PBXContainerItemProxy */;
		};
/* End PBXTargetDependency section */

/* Begin PBXVariantGroup section */
		5A0BCE5A15CF970A0029B3DC /* InfoPlist.strings */ = {
			isa = PBXVariantGroup;
			children = (
				5A0BCE5B15CF970A0029B3DC /* en */,
			);
			name = InfoPlist.strings;
			sourceTree = "<group>";
		};
/* End PBXVariantGroup section */

/* Begin XCBuildConfiguration section */
		5A0BCE6915CF970A0029B3DC /* Debug */ = {
			isa = XCBuildConfiguration;
			buildSettings = {
				ALWAYS_SEARCH_USER_PATHS = NO;
				ARCHS = "$(ARCHS_STANDARD_32_BIT)";
				CLANG_CXX_LANGUAGE_STANDARD = "gnu++0x";
				CLANG_ENABLE_OBJC_ARC = YES;
				CLANG_WARN__DUPLICATE_METHOD_MATCH = YES;
				"CODE_SIGN_IDENTITY[sdk=iphoneos*]" = "iPhone Developer";
				COPY_PHASE_STRIP = NO;
				GCC_C_LANGUAGE_STANDARD = gnu99;
				GCC_DYNAMIC_NO_PIC = NO;
				GCC_OPTIMIZATION_LEVEL = 0;
				GCC_PREPROCESSOR_DEFINITIONS = (
					"DEBUG=1",
					"$(inherited)",
				);
				GCC_SYMBOLS_PRIVATE_EXTERN = NO;
				GCC_VERSION = com.apple.compilers.llvm.clang.1_0;
				GCC_WARN_ABOUT_RETURN_TYPE = YES;
				GCC_WARN_UNINITIALIZED_AUTOS = YES;
				GCC_WARN_UNUSED_VARIABLE = YES;
				IPHONEOS_DEPLOYMENT_TARGET = 5.1;
				SDKROOT = iphoneos;
			};
			name = Debug;
		};
		5A0BCE6A15CF970A0029B3DC /* Release */ = {
			isa = XCBuildConfiguration;
			buildSettings = {
				ALWAYS_SEARCH_USER_PATHS = NO;
				ARCHS = "$(ARCHS_STANDARD_32_BIT)";
				CLANG_CXX_LANGUAGE_STANDARD = "gnu++0x";
				CLANG_ENABLE_OBJC_ARC = YES;
				CLANG_WARN__DUPLICATE_METHOD_MATCH = YES;
				"CODE_SIGN_IDENTITY[sdk=iphoneos*]" = "iPhone Developer";
				COPY_PHASE_STRIP = YES;
				GCC_C_LANGUAGE_STANDARD = gnu99;
				GCC_VERSION = com.apple.compilers.llvm.clang.1_0;
				GCC_WARN_ABOUT_RETURN_TYPE = YES;
				GCC_WARN_UNINITIALIZED_AUTOS = YES;
				GCC_WARN_UNUSED_VARIABLE = YES;
				IPHONEOS_DEPLOYMENT_TARGET = 5.1;
				OTHER_CFLAGS = "-DNS_BLOCK_ASSERTIONS=1";
				SDKROOT = iphoneos;
				VALIDATE_PRODUCT = YES;
			};
			name = Release;
		};
		5A0BCE6C15CF970A0029B3DC /* Debug */ = {
			isa = XCBuildConfiguration;
			buildSettings = {
				GCC_PRECOMPILE_PREFIX_HEADER = YES;
				GCC_PREFIX_HEADER = "MyFitLog/MyFitLog-Prefix.pch";
				HEADER_SEARCH_PATHS = "/Users/mbradford/47Primes/tapkulibrary/src/**";
				INFOPLIST_FILE = "MyFitLog/MyFitLog-Info.plist";
				OTHER_LDFLAGS = (
					"-all_load",
					"-ObjC",
				);
				PRODUCT_NAME = "$(TARGET_NAME)";
				WRAPPER_EXTENSION = app;
			};
			name = Debug;
		};
		5A0BCE6D15CF970A0029B3DC /* Release */ = {
			isa = XCBuildConfiguration;
			buildSettings = {
				GCC_PRECOMPILE_PREFIX_HEADER = YES;
				GCC_PREFIX_HEADER = "MyFitLog/MyFitLog-Prefix.pch";
				HEADER_SEARCH_PATHS = "/Users/mbradford/47Primes/tapkulibrary/src/**";
				INFOPLIST_FILE = "MyFitLog/MyFitLog-Info.plist";
				OTHER_LDFLAGS = (
					"-all_load",
					"-ObjC",
				);
				PRODUCT_NAME = "$(TARGET_NAME)";
				WRAPPER_EXTENSION = app;
			};
			name = Release;
		};
/* End XCBuildConfiguration section */

/* Begin XCConfigurationList section */
		5A0BCE4715CF970A0029B3DC /* Build configuration list for PBXProject "MyFitLog" */ = {
			isa = XCConfigurationList;
			buildConfigurations = (
				5A0BCE6915CF970A0029B3DC /* Debug */,
				5A0BCE6A15CF970A0029B3DC /* Release */,
			);
			defaultConfigurationIsVisible = 0;
			defaultConfigurationName = Release;
		};
		5A0BCE6B15CF970A0029B3DC /* Build configuration list for PBXNativeTarget "MyFitLog" */ = {
			isa = XCConfigurationList;
			buildConfigurations = (
				5A0BCE6C15CF970A0029B3DC /* Debug */,
				5A0BCE6D15CF970A0029B3DC /* Release */,
			);
			defaultConfigurationIsVisible = 0;
			defaultConfigurationName = Release;
		};
/* End XCConfigurationList section */
	};
	rootObject = 5A0BCE4415CF970A0029B3DC /* Project object */;
}
